// !$*UTF8*$!
{
	archiveVersion = 1;
	classes = {
	};
	objectVersion = 46;
	objects = {

/* Begin PBXBuildFile section */
		F33313CF1D63659F001D2848 /* AppDelegate.swift in Sources */ = {isa = PBXBuildFile; fileRef = F33313CE1D63659F001D2848 /* AppDelegate.swift */; };
		F33313D11D63659F001D2848 /* ViewController.swift in Sources */ = {isa = PBXBuildFile; fileRef = F33313D01D63659F001D2848 /* ViewController.swift */; };
		F33313D41D63659F001D2848 /* Main.storyboard in Resources */ = {isa = PBXBuildFile; fileRef = F33313D21D63659F001D2848 /* Main.storyboard */; };
		F33313D61D63659F001D2848 /* Assets.xcassets in Resources */ = {isa = PBXBuildFile; fileRef = F33313D51D63659F001D2848 /* Assets.xcassets */; };
		F33313D91D63659F001D2848 /* LaunchScreen.storyboard in Resources */ = {isa = PBXBuildFile; fileRef = F33313D71D63659F001D2848 /* LaunchScreen.storyboard */; };
		F33313E41D63659F001D2848 /* FizzBuzzTests.swift in Sources */ = {isa = PBXBuildFile; fileRef = F33313E31D63659F001D2848 /* FizzBuzzTests.swift */; };
/* End PBXBuildFile section */

/* Begin PBXContainerItemProxy section */
		F33313E01D63659F001D2848 /* PBXContainerItemProxy */ = {
			isa = PBXContainerItemProxy;
			containerPortal = F33313C31D63659F001D2848 /* Project object */;
			proxyType = 1;
			remoteGlobalIDString = F33313CA1D63659F001D2848;
			remoteInfo = FizzBuzz;
		};
/* End PBXContainerItemProxy section */

/* Begin PBXFileReference section */
		F33313CB1D63659F001D2848 /* FizzBuzz.app */ = {isa = PBXFileReference; explicitFileType = wrapper.application; includeInIndex = 0; path = FizzBuzz.app; sourceTree = BUILT_PRODUCTS_DIR; };
		F33313CE1D63659F001D2848 /* AppDelegate.swift */ = {isa = PBXFileReference; lastKnownFileType = sourcecode.swift; path = AppDelegate.swift; sourceTree = "<group>"; };
		F33313D01D63659F001D2848 /* ViewController.swift */ = {isa = PBXFileReference; lastKnownFileType = sourcecode.swift; path = ViewController.swift; sourceTree = "<group>"; };
		F33313D31D63659F001D2848 /* Base */ = {isa = PBXFileReference; lastKnownFileType = file.storyboard; name = Base; path = Base.lproj/Main.storyboard; sourceTree = "<group>"; };
		F33313D51D63659F001D2848 /* Assets.xcassets */ = {isa = PBXFileReference; lastKnownFileType = folder.assetcatalog; path = Assets.xcassets; sourceTree = "<group>"; };
		F33313D81D63659F001D2848 /* Base */ = {isa = PBXFileReference; lastKnownFileType = file.storyboard; name = Base; path = Base.lproj/LaunchScreen.storyboard; sourceTree = "<group>"; };
		F33313DA1D63659F001D2848 /* Info.plist */ = {isa = PBXFileReference; lastKnownFileType = text.plist.xml; path = Info.plist; sourceTree = "<group>"; };
		F33313DF1D63659F001D2848 /* FizzBuzzTests.xctest */ = {isa = PBXFileReference; explicitFileType = wrapper.cfbundle; includeInIndex = 0; path = FizzBuzzTests.xctest; sourceTree = BUILT_PRODUCTS_DIR; };
		F33313E31D63659F001D2848 /* FizzBuzzTests.swift */ = {isa = PBXFileReference; lastKnownFileType = sourcecode.swift; path = FizzBuzzTests.swift; sourceTree = "<group>"; };
		F33313E51D63659F001D2848 /* Info.plist */ = {isa = PBXFileReference; lastKnownFileType = text.plist.xml; path = Info.plist; sourceTree = "<group>"; };
/* End PBXFileReference section */

/* Begin PBXFrameworksBuildPhase section */
		F33313C81D63659F001D2848 /* Frameworks */ = {
			isa = PBXFrameworksBuildPhase;
			buildActionMask = 2147483647;
			files = (
			);
			runOnlyForDeploymentPostprocessing = 0;
		};
		F33313DC1D63659F001D2848 /* Frameworks */ = {
			isa = PBXFrameworksBuildPhase;
			buildActionMask = 2147483647;
			files = (
			);
			runOnlyForDeploymentPostprocessing = 0;
		};
/* End PBXFrameworksBuildPhase section */

/* Begin PBXGroup section */
		F33313C21D63659F001D2848 = {
			isa = PBXGroup;
			children = (
				F33313CD1D63659F001D2848 /* FizzBuzz */,
				F33313E21D63659F001D2848 /* FizzBuzzTests */,
				F33313CC1D63659F001D2848 /* Products */,
			);
			sourceTree = "<group>";
		};
		F33313CC1D63659F001D2848 /* Products */ = {
			isa = PBXGroup;
			children = (
				F33313CB1D63659F001D2848 /* FizzBuzz.app */,
				F33313DF1D63659F001D2848 /* FizzBuzzTests.xctest */,
			);
			name = Products;
			sourceTree = "<group>";
		};
		F33313CD1D63659F001D2848 /* FizzBuzz */ = {
			isa = PBXGroup;
			children = (
				F33313CE1D63659F001D2848 /* AppDelegate.swift */,
				F33313D01D63659F001D2848 /* ViewController.swift */,
				F33313D21D63659F001D2848 /* Main.storyboard */,
				F33313D51D63659F001D2848 /* Assets.xcassets */,
				F33313D71D63659F001D2848 /* LaunchScreen.storyboard */,
				F33313DA1D63659F001D2848 /* Info.plist */,
			);
			path = FizzBuzz;
			sourceTree = "<group>";
		};
		F33313E21D63659F001D2848 /* FizzBuzzTests */ = {
			isa = PBXGroup;
			children = (
				F33313E31D63659F001D2848 /* FizzBuzzTests.swift */,
				F33313E51D63659F001D2848 /* Info.plist */,
			);
			path = FizzBuzzTests;
			sourceTree = "<group>";
		};
/* End PBXGroup section */

/* Begin PBXNativeTarget section */
		F33313CA1D63659F001D2848 /* FizzBuzz */ = {
			isa = PBXNativeTarget;
			buildConfigurationList = F33313E81D63659F001D2848 /* Build configuration list for PBXNativeTarget "FizzBuzz" */;
			buildPhases = (
				F33313C71D63659F001D2848 /* Sources */,
				F33313C81D63659F001D2848 /* Frameworks */,
				F33313C91D63659F001D2848 /* Resources */,
			);
			buildRules = (
			);
			dependencies = (
			);
			name = FizzBuzz;
			productName = FizzBuzz;
			productReference = F33313CB1D63659F001D2848 /* FizzBuzz.app */;
			productType = "com.apple.product-type.application";
		};
		F33313DE1D63659F001D2848 /* FizzBuzzTests */ = {
			isa = PBXNativeTarget;
			buildConfigurationList = F33313EB1D63659F001D2848 /* Build configuration list for PBXNativeTarget "FizzBuzzTests" */;
			buildPhases = (
				F33313DB1D63659F001D2848 /* Sources */,
				F33313DC1D63659F001D2848 /* Frameworks */,
				F33313DD1D63659F001D2848 /* Resources */,
			);
			buildRules = (
			);
			dependencies = (
				F33313E11D63659F001D2848 /* PBXTargetDependency */,
			);
			name = FizzBuzzTests;
			productName = FizzBuzzTests;
			productReference = F33313DF1D63659F001D2848 /* FizzBuzzTests.xctest */;
			productType = "com.apple.product-type.bundle.unit-test";
		};
/* End PBXNativeTarget section */

/* Begin PBXProject section */
		F33313C31D63659F001D2848 /* Project object */ = {
			isa = PBXProject;
			attributes = {
				LastSwiftUpdateCheck = 0730;
				LastUpgradeCheck = 0730;
				ORGANIZATIONNAME = "Jon Bachelor";
				TargetAttributes = {
					F33313CA1D63659F001D2848 = {
						CreatedOnToolsVersion = 7.3.1;
						DevelopmentTeam = KFLNENS369;
					};
					F33313DE1D63659F001D2848 = {
						CreatedOnToolsVersion = 7.3.1;
						DevelopmentTeam = KFLNENS369;
						TestTargetID = F33313CA1D63659F001D2848;
					};
				};
			};
			buildConfigurationList = F33313C61D63659F001D2848 /* Build configuration list for PBXProject "FizzBuzz" */;
			compatibilityVersion = "Xcode 3.2";
			developmentRegion = English;
			hasScannedForEncodings = 0;
			knownRegions = (
				en,
				Base,
			);
			mainGroup = F33313C21D63659F001D2848;
			productRefGroup = F33313CC1D63659F001D2848 /* Products */;
			projectDirPath = "";
			projectRoot = "";
			targets = (
				F33313CA1D63659F001D2848 /* FizzBuzz */,
				F33313DE1D63659F001D2848 /* FizzBuzzTests */,
			);
		};
/* End PBXProject section */

/* Begin PBXResourcesBuildPhase section */
		F33313C91D63659F001D2848 /* Resources */ = {
			isa = PBXResourcesBuildPhase;
			buildActionMask = 2147483647;
			files = (
				F33313D91D63659F001D2848 /* LaunchScreen.storyboard in Resources */,
				F33313D61D63659F001D2848 /* Assets.xcassets in Resources */,
				F33313D41D63659F001D2848 /* Main.storyboard in Resources */,
			);
			runOnlyForDeploymentPostprocessing = 0;
		};
		F33313DD1D63659F001D2848 /* Resources */ = {
			isa = PBXResourcesBuildPhase;
			buildActionMask = 2147483647;
			files = (
			);
			runOnlyForDeploymentPostprocessing = 0;
		};
/* End PBXResourcesBuildPhase section */

/* Begin PBXSourcesBuildPhase section */
		F33313C71D63659F001D2848 /* Sources */ = {
			isa = PBXSourcesBuildPhase;
			buildActionMask = 2147483647;
			files = (
				F33313D11D63659F001D2848 /* ViewController.swift in Sources */,
				F33313CF1D63659F001D2848 /* AppDelegate.swift in Sources */,
			);
			runOnlyForDeploymentPostprocessing = 0;
		};
		F33313DB1D63659F001D2848 /* Sources */ = {
			isa = PBXSourcesBuildPhase;
			buildActionMask = 2147483647;
			files = (
				F33313E41D63659F001D2848 /* FizzBuzzTests.swift in Sources */,
			);
			runOnlyForDeploymentPostprocessing = 0;
		};
/* End PBXSourcesBuildPhase section */

/* Begin PBXTargetDependency section */
		F33313E11D63659F001D2848 /* PBXTargetDependency */ = {
			isa = PBXTargetDependency;
			target = F33313CA1D63659F001D2848 /* FizzBuzz */;
			targetProxy = F33313E01D63659F001D2848 /* PBXContainerItemProxy */;
		};
/* End PBXTargetDependency section */

/* Begin PBXVariantGroup section */
		F33313D21D63659F001D2848 /* Main.storyboard */ = {
			isa = PBXVariantGroup;
			children = (
				F33313D31D63659F001D2848 /* Base */,
			);
			name = Main.storyboard;
			sourceTree = "<group>";
		};
		F33313D71D63659F001D2848 /* LaunchScreen.storyboard */ = {
			isa = PBXVariantGroup;
			children = (
				F33313D81D63659F001D2848 /* Base */,
			);
			name = LaunchScreen.storyboard;
			sourceTree = "<group>";
		};
/* End PBXVariantGroup section */

/* Begin XCBuildConfiguration section */
		F33313E61D63659F001D2848 /* Debug */ = {
			isa = XCBuildConfiguration;
			buildSettings = {
				ALWAYS_SEARCH_USER_PATHS = NO;
				CLANG_ANALYZER_NONNULL = YES;
				CLANG_CXX_LANGUAGE_STANDARD = "gnu++0x";
				CLANG_CXX_LIBRARY = "libc++";
				CLANG_ENABLE_MODULES = YES;
				CLANG_ENABLE_OBJC_ARC = YES;
				CLANG_WARN_BOOL_CONVERSION = YES;
				CLANG_WARN_CONSTANT_CONVERSION = YES;
				CLANG_WARN_DIRECT_OBJC_ISA_USAGE = YES_ERROR;
				CLANG_WARN_EMPTY_BODY = YES;
				CLANG_WARN_ENUM_CONVERSION = YES;
				CLANG_WARN_INT_CONVERSION = YES;
				CLANG_WARN_OBJC_ROOT_CLASS = YES_ERROR;
				CLANG_WARN_UNREACHABLE_CODE = YES;
				CLANG_WARN__DUPLICATE_METHOD_MATCH = YES;
				"CODE_SIGN_IDENTITY[sdk=iphoneos*]" = "iPhone Developer";
				COPY_PHASE_STRIP = NO;
				DEBUG_INFORMATION_FORMAT = dwarf;
				ENABLE_STRICT_OBJC_MSGSEND = YES;
				ENABLE_TESTABILITY = YES;
				GCC_C_LANGUAGE_STANDARD = gnu99;
				GCC_DYNAMIC_NO_PIC = NO;
				GCC_NO_COMMON_BLOCKS = YES;
				GCC_OPTIMIZATION_LEVEL = 0;
				GCC_PREPROCESSOR_DEFINITIONS = (
					"DEBUG=1",
					"$(inherited)",
				);
				GCC_WARN_64_TO_32_BIT_CONVERSION = YES;
				GCC_WARN_ABOUT_RETURN_TYPE = YES_ERROR;
				GCC_WARN_UNDECLARED_SELECTOR = YES;
				GCC_WARN_UNINITIALIZED_AUTOS = YES_AGGRESSIVE;
				GCC_WARN_UNUSED_FUNCTION = YES;
				GCC_WARN_UNUSED_VARIABLE = YES;
				IPHONEOS_DEPLOYMENT_TARGET = 9.3;
				MTL_ENABLE_DEBUG_INFO = YES;
				ONLY_ACTIVE_ARCH = YES;
				SDKROOT = iphoneos;
				SWIFT_OPTIMIZATION_LEVEL = "-Onone";
				TARGETED_DEVICE_FAMILY = "1,2";
			};
			name = Debug;
		};
		F33313E71D63659F001D2848 /* Release */ = {
			isa = XCBuildConfiguration;
			buildSettings = {
				ALWAYS_SEARCH_USER_PATHS = NO;
				CLANG_ANALYZER_NONNULL = YES;
				CLANG_CXX_LANGUAGE_STANDARD = "gnu++0x";
				CLANG_CXX_LIBRARY = "libc++";
				CLANG_ENABLE_MODULES = YES;
				CLANG_ENABLE_OBJC_ARC = YES;
				CLANG_WARN_BOOL_CONVERSION = YES;
				CLANG_WARN_CONSTANT_CONVERSION = YES;
				CLANG_WARN_DIRECT_OBJC_ISA_USAGE = YES_ERROR;
				CLANG_WARN_EMPTY_BODY = YES;
				CLANG_WARN_ENUM_CONVERSION = YES;
				CLANG_WARN_INT_CONVERSION = YES;
				CLANG_WARN_OBJC_ROOT_CLASS = YES_ERROR;
				CLANG_WARN_UNREACHABLE_CODE = YES;
				CLANG_WARN__DUPLICATE_METHOD_MATCH = YES;
				"CODE_SIGN_IDENTITY[sdk=iphoneos*]" = "iPhone Developer";
				COPY_PHASE_STRIP = NO;
				DEBUG_INFORMATION_FORMAT = "dwarf-with-dsym";
				ENABLE_NS_ASSERTIONS = NO;
				ENABLE_STRICT_OBJC_MSGSEND = YES;
				GCC_C_LANGUAGE_STANDARD = gnu99;
				GCC_NO_COMMON_BLOCKS = YES;
				GCC_WARN_64_TO_32_BIT_CONVERSION = YES;
				GCC_WARN_ABOUT_RETURN_TYPE = YES_ERROR;
				GCC_WARN_UNDECLARED_SELECTOR = YES;
				GCC_WARN_UNINITIALIZED_AUTOS = YES_AGGRESSIVE;
				GCC_WARN_UNUSED_FUNCTION = YES;
				GCC_WARN_UNUSED_VARIABLE = YES;
				IPHONEOS_DEPLOYMENT_TARGET = 9.3;
				MTL_ENABLE_DEBUG_INFO = NO;
				SDKROOT = iphoneos;
				TARGETED_DEVICE_FAMILY = "1,2";
				VALIDATE_PRODUCT = YES;
			};
			name = Release;
		};
		F33313E91D63659F001D2848 /* Debug */ = {
			isa = XCBuildConfiguration;
			buildSettings = {
				ASSETCATALOG_COMPILER_APPICON_NAME = AppIcon;
				INFOPLIST_FILE = FizzBuzz/Info.plist;
				LD_RUNPATH_SEARCH_PATHS = "$(inherited) @executable_path/Frameworks";
				PRODUCT_BUNDLE_IDENTIFIER = com.jonbachelor.FizzBuzz;
				PRODUCT_NAME = "$(TARGET_NAME)";
			};
			name = Debug;
		};
		F33313EA1D63659F001D2848 /* Release */ = {
			isa = XCBuildConfiguration;
			buildSettings = {
				ASSETCATALOG_COMPILER_APPICON_NAME = AppIcon;
				INFOPLIST_FILE = FizzBuzz/Info.plist;
				LD_RUNPATH_SEARCH_PATHS = "$(inherited) @executable_path/Frameworks";
				PRODUCT_BUNDLE_IDENTIFIER = com.jonbachelor.FizzBuzz;
				PRODUCT_NAME = "$(TARGET_NAME)";
			};
			name = Release;
		};
		F33313EC1D63659F001D2848 /* Debug */ = {
			isa = XCBuildConfiguration;
			buildSettings = {
				BUNDLE_LOADER = "$(TEST_HOST)";
				INFOPLIST_FILE = FizzBuzzTests/Info.plist;
				LD_RUNPATH_SEARCH_PATHS = "$(inherited) @executable_path/Frameworks @loader_path/Frameworks";
				PRODUCT_BUNDLE_IDENTIFIER = com.jonbachelor.FizzBuzzTests;
				PRODUCT_NAME = "$(TARGET_NAME)";
				TEST_HOST = "$(BUILT_PRODUCTS_DIR)/FizzBuzz.app/FizzBuzz";
			};
			name = Debug;
		};
		F33313ED1D63659F001D2848 /* Release */ = {
			isa = XCBuildConfiguration;
			buildSettings = {
				BUNDLE_LOADER = "$(TEST_HOST)";
				INFOPLIST_FILE = FizzBuzzTests/Info.plist;
				LD_RUNPATH_SEARCH_PATHS = "$(inherited) @executable_path/Frameworks @loader_path/Frameworks";
				PRODUCT_BUNDLE_IDENTIFIER = com.jonbachelor.FizzBuzzTests;
				PRODUCT_NAME = "$(TARGET_NAME)";
				TEST_HOST = "$(BUILT_PRODUCTS_DIR)/FizzBuzz.app/FizzBuzz";
			};
			name = Release;
		};
/* End XCBuildConfiguration section */

/* Begin XCConfigurationList section */
		F33313C61D63659F001D2848 /* Build configuration list for PBXProject "FizzBuzz" */ = {
			isa = XCConfigurationList;
			buildConfigurations = (
				F33313E61D63659F001D2848 /* Debug */,
				F33313E71D63659F001D2848 /* Release */,
			);
			defaultConfigurationIsVisible = 0;
			defaultConfigurationName = Release;
		};
		F33313E81D63659F001D2848 /* Build configuration list for PBXNativeTarget "FizzBuzz" */ = {
			isa = XCConfigurationList;
			buildConfigurations = (
				F33313E91D63659F001D2848 /* Debug */,
				F33313EA1D63659F001D2848 /* Release */,
			);
			defaultConfigurationIsVisible = 0;
		};
		F33313EB1D63659F001D2848 /* Build configuration list for PBXNativeTarget "FizzBuzzTests" */ = {
			isa = XCConfigurationList;
			buildConfigurations = (
				F33313EC1D63659F001D2848 /* Debug */,
				F33313ED1D63659F001D2848 /* Release */,
			);
			defaultConfigurationIsVisible = 0;
		};
/* End XCConfigurationList section */
	};
	rootObject = F33313C31D63659F001D2848 /* Project object */;
}
